
Microsoft Visual Studio Solution File, Format Version 12.00
# Visual Studio 15
VisualStudioVersion = 15.0.27428.2005
MinimumVisualStudioVersion = 10.0.40219.1
Project("{9A19103F-16F7-4668-BE54-9A1E7A4F7556}") = "RestaurantesApi", "RestaurantesApi.csproj", "{79AF3C62-2D05-4004-B8E1-DC9D839B6C49}"
EndProject
Global
	GlobalSection(SolutionConfigurationPlatforms) = preSolution
		Debug|Any CPU = Debug|Any CPU
		Release|Any CPU = Release|Any CPU
	EndGlobalSection
	GlobalSection(ProjectConfigurationPlatforms) = postSolution
		{79AF3C62-2D05-4004-B8E1-DC9D839B6C49}.Debug|Any CPU.ActiveCfg = Debug|Any CPU
		{79AF3C62-2D05-4004-B8E1-DC9D839B6C49}.Debug|Any CPU.Build.0 = Debug|Any CPU
		{79AF3C62-2D05-4004-B8E1-DC9D839B6C49}.Release|Any CPU.ActiveCfg = Release|Any CPU
		{79AF3C62-2D05-4004-B8E1-DC9D839B6C49}.Release|Any CPU.Build.0 = Release|Any CPU
	EndGlobalSection
	GlobalSection(SolutionProperties) = preSolution
		HideSolutionNode = FALSE
	EndGlobalSection
	GlobalSection(ExtensibilityGlobals) = postSolution
		SolutionGuid = {B34F2647-E4B5-4CFA-9A63-7C7405F652A8}
	EndGlobalSection
EndGlobal
